
Microsoft Visual Studio Solution File, Format Version 12.00
# Visual Studio 15
VisualStudioVersion = 15.0.28010.2048
MinimumVisualStudioVersion = 10.0.40219.1
Project("{FAE04EC0-301F-11D3-BF4B-00C04F79EFBC}") = "XamarinFest2019.Android", "XamarinFest2019\XamarinFest2019.Android\XamarinFest2019.Android.csproj", "{611F4D77-74D3-44FE-B73A-88EEF46A28AB}"
EndProject
Project("{FAE04EC0-301F-11D3-BF4B-00C04F79EFBC}") = "XamarinFest2019.iOS", "XamarinFest2019\XamarinFest2019.iOS\XamarinFest2019.iOS.csproj", "{24527BB8-77E8-4111-92B6-2D191A15E2A9}"
EndProject
Project("{FAE04EC0-301F-11D3-BF4B-00C04F79EFBC}") = "XamarinFest2019", "XamarinFest2019\XamarinFest2019\XamarinFest2019.csproj", "{90986EC7-DEE3-4946-AA61-CBEBA83C317A}"
EndProject
Project("{FAE04EC0-301F-11D3-BF4B-00C04F79EFBC}") = "Prueba", "Prueba\Prueba.csproj", "{2AC4AEB1-C49A-4342-A8D9-F52384BAF083}"
EndProject
Global
	GlobalSection(SolutionConfigurationPlatforms) = preSolution
		Ad-Hoc|Any CPU = Ad-Hoc|Any CPU
		Ad-Hoc|iPhone = Ad-Hoc|iPhone
		Ad-Hoc|iPhoneSimulator = Ad-Hoc|iPhoneSimulator
		AppStore|Any CPU = AppStore|Any CPU
		AppStore|iPhone = AppStore|iPhone
		AppStore|iPhoneSimulator = AppStore|iPhoneSimulator
		Debug|Any CPU = Debug|Any CPU
		Debug|iPhone = Debug|iPhone
		Debug|iPhoneSimulator = Debug|iPhoneSimulator
		Release|Any CPU = Release|Any CPU
		Release|iPhone = Release|iPhone
		Release|iPhoneSimulator = Release|iPhoneSimulator
	EndGlobalSection
	GlobalSection(ProjectConfigurationPlatforms) = postSolution
		{611F4D77-74D3-44FE-B73A-88EEF46A28AB}.Ad-Hoc|Any CPU.ActiveCfg = Release|Any CPU
		{611F4D77-74D3-44FE-B73A-88EEF46A28AB}.Ad-Hoc|Any CPU.Build.0 = Release|Any CPU
		{611F4D77-74D3-44FE-B73A-88EEF46A28AB}.Ad-Hoc|Any CPU.Deploy.0 = Release|Any CPU
		{611F4D77-74D3-44FE-B73A-88EEF46A28AB}.Ad-Hoc|iPhone.ActiveCfg = Release|Any CPU
		{611F4D77-74D3-44FE-B73A-88EEF46A28AB}.Ad-Hoc|iPhone.Build.0 = Release|Any CPU
		{611F4D77-74D3-44FE-B73A-88EEF46A28AB}.Ad-Hoc|iPhone.Deploy.0 = Release|Any CPU
		{611F4D77-74D3-44FE-B73A-88EEF46A28AB}.Ad-Hoc|iPhoneSimulator.ActiveCfg = Release|Any CPU
		{611F4D77-74D3-44FE-B73A-88EEF46A28AB}.Ad-Hoc|iPhoneSimulator.Build.0 = Release|Any CPU
		{611F4D77-74D3-44FE-B73A-88EEF46A28AB}.Ad-Hoc|iPhoneSimulator.Deploy.0 = Release|Any CPU
		{611F4D77-74D3-44FE-B73A-88EEF46A28AB}.AppStore|Any CPU.ActiveCfg = Release|Any CPU
		{611F4D77-74D3-44FE-B73A-88EEF46A28AB}.AppStore|Any CPU.Build.0 = Release|Any CPU
		{611F4D77-74D3-44FE-B73A-88EEF46A28AB}.AppStore|Any CPU.Deploy.0 = Release|Any CPU
		{611F4D77-74D3-44FE-B73A-88EEF46A28AB}.AppStore|iPhone.ActiveCfg = Release|Any CPU
		{611F4D77-74D3-44FE-B73A-88EEF46A28AB}.AppStore|iPhone.Build.0 = Release|Any CPU
		{611F4D77-74D3-44FE-B73A-88EEF46A28AB}.AppStore|iPhone.Deploy.0 = Release|Any CPU
		{611F4D77-74D3-44FE-B73A-88EEF46A28AB}.AppStore|iPhoneSimulator.ActiveCfg = Release|Any CPU
		{611F4D77-74D3-44FE-B73A-88EEF46A28AB}.AppStore|iPhoneSimulator.Build.0 = Release|Any CPU
		{611F4D77-74D3-44FE-B73A-88EEF46A28AB}.AppStore|iPhoneSimulator.Deploy.0 = Release|Any CPU
		{611F4D77-74D3-44FE-B73A-88EEF46A28AB}.Debug|Any CPU.ActiveCfg = Debug|Any CPU
		{611F4D77-74D3-44FE-B73A-88EEF46A28AB}.Debug|Any CPU.Build.0 = Debug|Any CPU
		{611F4D77-74D3-44FE-B73A-88EEF46A28AB}.Debug|Any CPU.Deploy.0 = Debug|Any CPU
		{611F4D77-74D3-44FE-B73A-88EEF46A28AB}.Debug|iPhone.ActiveCfg = Debug|Any CPU
		{611F4D77-74D3-44FE-B73A-88EEF46A28AB}.Debug|iPhone.Build.0 = Debug|Any CPU
		{611F4D77-74D3-44FE-B73A-88EEF46A28AB}.Debug|iPhone.Deploy.0 = Debug|Any CPU
		{611F4D77-74D3-44FE-B73A-88EEF46A28AB}.Debug|iPhoneSimulator.ActiveCfg = Debug|Any CPU
		{611F4D77-74D3-44FE-B73A-88EEF46A28AB}.Debug|iPhoneSimulator.Build.0 = Debug|Any CPU
		{611F4D77-74D3-44FE-B73A-88EEF46A28AB}.Debug|iPhoneSimulator.Deploy.0 = Debug|Any CPU
		{611F4D77-74D3-44FE-B73A-88EEF46A28AB}.Release|Any CPU.ActiveCfg = Release|Any CPU
		{611F4D77-74D3-44FE-B73A-88EEF46A28AB}.Release|Any CPU.Build.0 = Release|Any CPU
		{611F4D77-74D3-44FE-B73A-88EEF46A28AB}.Release|Any CPU.Deploy.0 = Release|Any CPU
		{611F4D77-74D3-44FE-B73A-88EEF46A28AB}.Release|iPhone.ActiveCfg = Release|Any CPU
		{611F4D77-74D3-44FE-B73A-88EEF46A28AB}.Release|iPhone.Build.0 = Release|Any CPU
		{611F4D77-74D3-44FE-B73A-88EEF46A28AB}.Release|iPhone.Deploy.0 = Release|Any CPU
		{611F4D77-74D3-44FE-B73A-88EEF46A28AB}.Release|iPhoneSimulator.ActiveCfg = Release|Any CPU
		{611F4D77-74D3-44FE-B73A-88EEF46A28AB}.Release|iPhoneSimulator.Build.0 = Release|Any CPU
		{611F4D77-74D3-44FE-B73A-88EEF46A28AB}.Release|iPhoneSimulator.Deploy.0 = Release|Any CPU
		{24527BB8-77E8-4111-92B6-2D191A15E2A9}.Ad-Hoc|Any CPU.ActiveCfg = Ad-Hoc|iPhone
		{24527BB8-77E8-4111-92B6-2D191A15E2A9}.Ad-Hoc|Any CPU.Build.0 = Ad-Hoc|iPhone
		{24527BB8-77E8-4111-92B6-2D191A15E2A9}.Ad-Hoc|Any CPU.Deploy.0 = Ad-Hoc|iPhone
		{24527BB8-77E8-4111-92B6-2D191A15E2A9}.Ad-Hoc|iPhone.ActiveCfg = Ad-Hoc|iPhone
		{24527BB8-77E8-4111-92B6-2D191A15E2A9}.Ad-Hoc|iPhone.Build.0 = Ad-Hoc|iPhone
		{24527BB8-77E8-4111-92B6-2D191A15E2A9}.Ad-Hoc|iPhone.Deploy.0 = Ad-Hoc|iPhone
		{24527BB8-77E8-4111-92B6-2D191A15E2A9}.Ad-Hoc|iPhoneSimulator.ActiveCfg = Ad-Hoc|iPhoneSimulator
		{24527BB8-77E8-4111-92B6-2D191A15E2A9}.Ad-Hoc|iPhoneSimulator.Build.0 = Ad-Hoc|iPhoneSimulator
		{24527BB8-77E8-4111-92B6-2D191A15E2A9}.Ad-Hoc|iPhoneSimulator.Deploy.0 = Ad-Hoc|iPhoneSimulator
		{24527BB8-77E8-4111-92B6-2D191A15E2A9}.AppStore|Any CPU.ActiveCfg = AppStore|iPhone
		{24527BB8-77E8-4111-92B6-2D191A15E2A9}.AppStore|Any CPU.Build.0 = AppStore|iPhone
		{24527BB8-77E8-4111-92B6-2D191A15E2A9}.AppStore|Any CPU.Deploy.0 = AppStore|iPhone
		{24527BB8-77E8-4111-92B6-2D191A15E2A9}.AppStore|iPhone.ActiveCfg = AppStore|iPhone
		{24527BB8-77E8-4111-92B6-2D191A15E2A9}.AppStore|iPhone.Build.0 = AppStore|iPhone
		{24527BB8-77E8-4111-92B6-2D191A15E2A9}.AppStore|iPhone.Deploy.0 = AppStore|iPhone
		{24527BB8-77E8-4111-92B6-2D191A15E2A9}.AppStore|iPhoneSimulator.ActiveCfg = AppStore|iPhoneSimulator
		{24527BB8-77E8-4111-92B6-2D191A15E2A9}.AppStore|iPhoneSimulator.Build.0 = AppStore|iPhoneSimulator
		{24527BB8-77E8-4111-92B6-2D191A15E2A9}.AppStore|iPhoneSimulator.Deploy.0 = AppStore|iPhoneSimulator
		{24527BB8-77E8-4111-92B6-2D191A15E2A9}.Debug|Any CPU.ActiveCfg = Debug|iPhoneSimulator
		{24527BB8-77E8-4111-92B6-2D191A15E2A9}.Debug|Any CPU.Build.0 = Debug|iPhoneSimulator
		{24527BB8-77E8-4111-92B6-2D191A15E2A9}.Debug|Any CPU.Deploy.0 = Debug|iPhoneSimulator
		{24527BB8-77E8-4111-92B6-2D191A15E2A9}.Debug|iPhone.ActiveCfg = Debug|iPhone
		{24527BB8-77E8-4111-92B6-2D191A15E2A9}.Debug|iPhone.Build.0 = Debug|iPhone
		{24527BB8-77E8-4111-92B6-2D191A15E2A9}.Debug|iPhone.Deploy.0 = Debug|iPhone
		{24527BB8-77E8-4111-92B6-2D191A15E2A9}.Debug|iPhoneSimulator.ActiveCfg = Debug|iPhoneSimulator
		{24527BB8-77E8-4111-92B6-2D191A15E2A9}.Debug|iPhoneSimulator.Build.0 = Debug|iPhoneSimulator
		{24527BB8-77E8-4111-92B6-2D191A15E2A9}.Debug|iPhoneSimulator.Deploy.0 = Debug|iPhoneSimulator
		{24527BB8-77E8-4111-92B6-2D191A15E2A9}.Release|Any CPU.ActiveCfg = Release|iPhone
		{24527BB8-77E8-4111-92B6-2D191A15E2A9}.Release|Any CPU.Build.0 = Release|iPhone
		{24527BB8-77E8-4111-92B6-2D191A15E2A9}.Release|Any CPU.Deploy.0 = Release|iPhone
		{24527BB8-77E8-4111-92B6-2D191A15E2A9}.Release|iPhone.ActiveCfg = Release|iPhone
		{24527BB8-77E8-4111-92B6-2D191A15E2A9}.Release|iPhone.Build.0 = Release|iPhone
		{24527BB8-77E8-4111-92B6-2D191A15E2A9}.Release|iPhone.Deploy.0 = Release|iPhone
		{24527BB8-77E8-4111-92B6-2D191A15E2A9}.Release|iPhoneSimulator.ActiveCfg = Release|iPhoneSimulator
		{24527BB8-77E8-4111-92B6-2D191A15E2A9}.Release|iPhoneSimulator.Build.0 = Release|iPhoneSimulator
		{24527BB8-77E8-4111-92B6-2D191A15E2A9}.Release|iPhoneSimulator.Deploy.0 = Release|iPhoneSimulator
		{90986EC7-DEE3-4946-AA61-CBEBA83C317A}.Ad-Hoc|Any CPU.ActiveCfg = Debug|Any CPU
		{90986EC7-DEE3-4946-AA61-CBEBA83C317A}.Ad-Hoc|Any CPU.Build.0 = Debug|Any CPU
		{90986EC7-DEE3-4946-AA61-CBEBA83C317A}.Ad-Hoc|Any CPU.Deploy.0 = Debug|Any CPU
		{90986EC7-DEE3-4946-AA61-CBEBA83C317A}.Ad-Hoc|iPhone.ActiveCfg = Debug|Any CPU
		{90986EC7-DEE3-4946-AA61-CBEBA83C317A}.Ad-Hoc|iPhone.Build.0 = Debug|Any CPU
		{90986EC7-DEE3-4946-AA61-CBEBA83C317A}.Ad-Hoc|iPhone.Deploy.0 = Debug|Any CPU
		{90986EC7-DEE3-4946-AA61-CBEBA83C317A}.Ad-Hoc|iPhoneSimulator.ActiveCfg = Debug|Any CPU
		{90986EC7-DEE3-4946-AA61-CBEBA83C317A}.Ad-Hoc|iPhoneSimulator.Build.0 = Debug|Any CPU
		{90986EC7-DEE3-4946-AA61-CBEBA83C317A}.Ad-Hoc|iPhoneSimulator.Deploy.0 = Debug|Any CPU
		{90986EC7-DEE3-4946-AA61-CBEBA83C317A}.AppStore|Any CPU.ActiveCfg = Debug|Any CPU
		{90986EC7-DEE3-4946-AA61-CBEBA83C317A}.AppStore|Any CPU.Build.0 = Debug|Any CPU
		{90986EC7-DEE3-4946-AA61-CBEBA83C317A}.AppStore|Any CPU.Deploy.0 = Debug|Any CPU
		{90986EC7-DEE3-4946-AA61-CBEBA83C317A}.AppStore|iPhone.ActiveCfg = Debug|Any CPU
		{90986EC7-DEE3-4946-AA61-CBEBA83C317A}.AppStore|iPhone.Build.0 = Debug|Any CPU
		{90986EC7-DEE3-4946-AA61-CBEBA83C317A}.AppStore|iPhone.Deploy.0 = Debug|Any CPU
		{90986EC7-DEE3-4946-AA61-CBEBA83C317A}.AppStore|iPhoneSimulator.ActiveCfg = Debug|Any CPU
		{90986EC7-DEE3-4946-AA61-CBEBA83C317A}.AppStore|iPhoneSimulator.Build.0 = Debug|Any CPU
		{90986EC7-DEE3-4946-AA61-CBEBA83C317A}.AppStore|iPhoneSimulator.Deploy.0 = Debug|Any CPU
		{90986EC7-DEE3-4946-AA61-CBEBA83C317A}.Debug|Any CPU.ActiveCfg = Debug|Any CPU
		{90986EC7-DEE3-4946-AA61-CBEBA83C317A}.Debug|Any CPU.Build.0 = Debug|Any CPU
		{90986EC7-DEE3-4946-AA61-CBEBA83C317A}.Debug|Any CPU.Deploy.0 = Debug|Any CPU
		{90986EC7-DEE3-4946-AA61-CBEBA83C317A}.Debug|iPhone.ActiveCfg = Debug|Any CPU
		{90986EC7-DEE3-4946-AA61-CBEBA83C317A}.Debug|iPhone.Build.0 = Debug|Any CPU
		{90986EC7-DEE3-4946-AA61-CBEBA83C317A}.Debug|iPhone.Deploy.0 = Debug|Any CPU
		{90986EC7-DEE3-4946-AA61-CBEBA83C317A}.Debug|iPhoneSimulator.ActiveCfg = Debug|Any CPU
		{90986EC7-DEE3-4946-AA61-CBEBA83C317A}.Debug|iPhoneSimulator.Build.0 = Debug|Any CPU
		{90986EC7-DEE3-4946-AA61-CBEBA83C317A}.Debug|iPhoneSimulator.Deploy.0 = Debug|Any CPU
		{90986EC7-DEE3-4946-AA61-CBEBA83C317A}.Release|Any CPU.ActiveCfg = Release|Any CPU
		{90986EC7-DEE3-4946-AA61-CBEBA83C317A}.Release|Any CPU.Build.0 = Release|Any CPU
		{90986EC7-DEE3-4946-AA61-CBEBA83C317A}.Release|Any CPU.Deploy.0 = Release|Any CPU
		{90986EC7-DEE3-4946-AA61-CBEBA83C317A}.Release|iPhone.ActiveCfg = Release|Any CPU
		{90986EC7-DEE3-4946-AA61-CBEBA83C317A}.Release|iPhone.Build.0 = Release|Any CPU
		{90986EC7-DEE3-4946-AA61-CBEBA83C317A}.Release|iPhone.Deploy.0 = Release|Any CPU
		{90986EC7-DEE3-4946-AA61-CBEBA83C317A}.Release|iPhoneSimulator.ActiveCfg = Release|Any CPU
		{90986EC7-DEE3-4946-AA61-CBEBA83C317A}.Release|iPhoneSimulator.Build.0 = Release|Any CPU
		{90986EC7-DEE3-4946-AA61-CBEBA83C317A}.Release|iPhoneSimulator.Deploy.0 = Release|Any CPU
		{2AC4AEB1-C49A-4342-A8D9-F52384BAF083}.Ad-Hoc|Any CPU.ActiveCfg = Release|Any CPU
		{2AC4AEB1-C49A-4342-A8D9-F52384BAF083}.Ad-Hoc|Any CPU.Build.0 = Release|Any CPU
		{2AC4AEB1-C49A-4342-A8D9-F52384BAF083}.Ad-Hoc|iPhone.ActiveCfg = Release|Any CPU
		{2AC4AEB1-C49A-4342-A8D9-F52384BAF083}.Ad-Hoc|iPhone.Build.0 = Release|Any CPU
		{2AC4AEB1-C49A-4342-A8D9-F52384BAF083}.Ad-Hoc|iPhoneSimulator.ActiveCfg = Release|Any CPU
		{2AC4AEB1-C49A-4342-A8D9-F52384BAF083}.Ad-Hoc|iPhoneSimulator.Build.0 = Release|Any CPU
		{2AC4AEB1-C49A-4342-A8D9-F52384BAF083}.AppStore|Any CPU.ActiveCfg = Release|Any CPU
		{2AC4AEB1-C49A-4342-A8D9-F52384BAF083}.AppStore|Any CPU.Build.0 = Release|Any CPU
		{2AC4AEB1-C49A-4342-A8D9-F52384BAF083}.AppStore|iPhone.ActiveCfg = Release|Any CPU
		{2AC4AEB1-C49A-4342-A8D9-F52384BAF083}.AppStore|iPhone.Build.0 = Release|Any CPU
		{2AC4AEB1-C49A-4342-A8D9-F52384BAF083}.AppStore|iPhoneSimulator.ActiveCfg = Release|Any CPU
		{2AC4AEB1-C49A-4342-A8D9-F52384BAF083}.AppStore|iPhoneSimulator.Build.0 = Release|Any CPU
		{2AC4AEB1-C49A-4342-A8D9-F52384BAF083}.Debug|Any CPU.ActiveCfg = Debug|Any CPU
		{2AC4AEB1-C49A-4342-A8D9-F52384BAF083}.Debug|Any CPU.Build.0 = Debug|Any CPU
		{2AC4AEB1-C49A-4342-A8D9-F52384BAF083}.Debug|iPhone.ActiveCfg = Debug|Any CPU
		{2AC4AEB1-C49A-4342-A8D9-F52384BAF083}.Debug|iPhone.Build.0 = Debug|Any CPU
		{2AC4AEB1-C49A-4342-A8D9-F52384BAF083}.Debug|iPhoneSimulator.ActiveCfg = Debug|Any CPU
		{2AC4AEB1-C49A-4342-A8D9-F52384BAF083}.Debug|iPhoneSimulator.Build.0 = Debug|Any CPU
		{2AC4AEB1-C49A-4342-A8D9-F52384BAF083}.Release|Any CPU.ActiveCfg = Release|Any CPU
		{2AC4AEB1-C49A-4342-A8D9-F52384BAF083}.Release|Any CPU.Build.0 = Release|Any CPU
		{2AC4AEB1-C49A-4342-A8D9-F52384BAF083}.Release|iPhone.ActiveCfg = Release|Any CPU
		{2AC4AEB1-C49A-4342-A8D9-F52384BAF083}.Release|iPhone.Build.0 = Release|Any CPU
		{2AC4AEB1-C49A-4342-A8D9-F52384BAF083}.Release|iPhoneSimulator.ActiveCfg = Release|Any CPU
		{2AC4AEB1-C49A-4342-A8D9-F52384BAF083}.Release|iPhoneSimulator.Build.0 = Release|Any CPU
	EndGlobalSection
	GlobalSection(SolutionProperties) = preSolution
		HideSolutionNode = FALSE
	EndGlobalSection
	GlobalSection(ExtensibilityGlobals) = postSolution
		SolutionGuid = {A63A4D3C-83A7-4168-96C4-DCAECD649E46}
	EndGlobalSection
EndGlobal
